
Microsoft Visual Studio Solution File, Format Version 12.00
# Visual Studio Version 17
VisualStudioVersion = 17.9.34622.214
MinimumVisualStudioVersion = 10.0.40219.1
Project("{FAE04EC0-301F-11D3-BF4B-00C04F79EFBC}") = "ApiOnLamda", "D:\ApiOnLamda\ApiOnLamda.csproj", "{680BED3F-5CB6-42EB-9820-D152BB79CE48}"
EndProject
Global
	GlobalSection(SolutionConfigurationPlatforms) = preSolution
		Debug|Any CPU = Debug|Any CPU
		Release|Any CPU = Release|Any CPU
	EndGlobalSection
	GlobalSection(ProjectConfigurationPlatforms) = postSolution
		{680BED3F-5CB6-42EB-9820-D152BB79CE48}.Debug|Any CPU.ActiveCfg = Debug|Any CPU
		{680BED3F-5CB6-42EB-9820-D152BB79CE48}.Debug|Any CPU.Build.0 = Debug|Any CPU
		{680BED3F-5CB6-42EB-9820-D152BB79CE48}.Release|Any CPU.ActiveCfg = Release|Any CPU
		{680BED3F-5CB6-42EB-9820-D152BB79CE48}.Release|Any CPU.Build.0 = Release|Any CPU
	EndGlobalSection
	GlobalSection(SolutionProperties) = preSolution
		HideSolutionNode = FALSE
	EndGlobalSection
	GlobalSection(ExtensibilityGlobals) = postSolution
		SolutionGuid = {9E70D926-7A6B-4C11-BB11-3069621061B2}
	EndGlobalSection
EndGlobal
